
Microsoft Visual Studio Solution File, Format Version 12.00
# Visual Studio 15
VisualStudioVersion = 15.0.28307.136
MinimumVisualStudioVersion = 10.0.40219.1
Project("{FAE04EC0-301F-11D3-BF4B-00C04F79EFBC}") = "AccessibilityCheckerConsole", "AccessibilityCheckerConsole\AccessibilityCheckerConsole.csproj", "{898FE036-E15F-4FD1-9022-1AE53D87DF60}"
EndProject
Project("{FAE04EC0-301F-11D3-BF4B-00C04F79EFBC}") = "AccessibilityCheckerUtil", "AccessibilityCheckerUtil\AccessibilityCheckerUtil.csproj", "{0A262472-CB08-44E1-B45D-466AB2F212E4}"
EndProject
Global
	GlobalSection(SolutionConfigurationPlatforms) = preSolution
		Debug|Any CPU = Debug|Any CPU
		Release|Any CPU = Release|Any CPU
	EndGlobalSection
	GlobalSection(ProjectConfigurationPlatforms) = postSolution
		{898FE036-E15F-4FD1-9022-1AE53D87DF60}.Debug|Any CPU.ActiveCfg = Debug|Any CPU
		{898FE036-E15F-4FD1-9022-1AE53D87DF60}.Debug|Any CPU.Build.0 = Debug|Any CPU
		{898FE036-E15F-4FD1-9022-1AE53D87DF60}.Release|Any CPU.ActiveCfg = Release|Any CPU
		{898FE036-E15F-4FD1-9022-1AE53D87DF60}.Release|Any CPU.Build.0 = Release|Any CPU
		{0A262472-CB08-44E1-B45D-466AB2F212E4}.Debug|Any CPU.ActiveCfg = Debug|Any CPU
		{0A262472-CB08-44E1-B45D-466AB2F212E4}.Debug|Any CPU.Build.0 = Debug|Any CPU
		{0A262472-CB08-44E1-B45D-466AB2F212E4}.Release|Any CPU.ActiveCfg = Release|Any CPU
		{0A262472-CB08-44E1-B45D-466AB2F212E4}.Release|Any CPU.Build.0 = Release|Any CPU
	EndGlobalSection
	GlobalSection(SolutionProperties) = preSolution
		HideSolutionNode = FALSE
	EndGlobalSection
	GlobalSection(ExtensibilityGlobals) = postSolution
		SolutionGuid = {FA5A01FB-EA4A-4D36-9EC0-84989288C332}
	EndGlobalSection
EndGlobal
